
Microsoft Visual Studio Solution File, Format Version 12.00
# Visual Studio 14
VisualStudioVersion = 14.0.24720.0
MinimumVisualStudioVersion = 10.0.40219.1
Project("{FAE04EC0-301F-11D3-BF4B-00C04F79EFBC}") = "Asx", "Asx\Asx.csproj", "{81B6DADD-334A-4845-8302-56EBB3D9F769}"
EndProject
Project("{FAE04EC0-301F-11D3-BF4B-00C04F79EFBC}") = "HtmlScrapperTest", "HtmlScrapperTest\HtmlScrapperTest.csproj", "{22F7AFE3-9CE4-4210-84A0-05EF7B0F73FB}"
EndProject
Project("{FAE04EC0-301F-11D3-BF4B-00C04F79EFBC}") = "HtmlScrapper", "HtmlScrapper\HtmlScrapper.csproj", "{916FC0AD-9549-4FAB-A951-90E941B1B885}"
EndProject
Project("{FAE04EC0-301F-11D3-BF4B-00C04F79EFBC}") = "Investment.Domain", "Investment.Domain\Investment.Domain.csproj", "{6CD659E9-02FA-4FE7-8724-EB08CD6AE4D0}"
EndProject
Project("{FAE04EC0-301F-11D3-BF4B-00C04F79EFBC}") = "Investment.Persistance", "Investment.Persistance\Investment.Persistance.csproj", "{1AE2B6BC-96AB-4E66-B083-8C109063128F}"
EndProject
Project("{FAE04EC0-301F-11D3-BF4B-00C04F79EFBC}") = "Investment.Persistance.Console", "Investment.Persistance.Console\Investment.Persistance.Console.csproj", "{210F4AB7-CCA8-43C8-B42C-9815500DD967}"
EndProject
Project("{FAE04EC0-301F-11D3-BF4B-00C04F79EFBC}") = "Investment.Persistance.Console.Generator", "Investment.Persistance.Console.Generator\Investment.Persistance.Console.Generator.csproj", "{D7D2DCE9-CD34-4E37-BF00-9847F3B06BB2}"
EndProject
Project("{FAE04EC0-301F-11D3-BF4B-00C04F79EFBC}") = "Investment.Domain.Tests", "Investment.Domain.Tests\Investment.Domain.Tests.csproj", "{B50EB001-29DA-45B9-8DF0-7AC091AEEB7E}"
EndProject
Global
	GlobalSection(SolutionConfigurationPlatforms) = preSolution
		Debug|Any CPU = Debug|Any CPU
		Release|Any CPU = Release|Any CPU
	EndGlobalSection
	GlobalSection(ProjectConfigurationPlatforms) = postSolution
		{81B6DADD-334A-4845-8302-56EBB3D9F769}.Debug|Any CPU.ActiveCfg = Debug|Any CPU
		{81B6DADD-334A-4845-8302-56EBB3D9F769}.Debug|Any CPU.Build.0 = Debug|Any CPU
		{81B6DADD-334A-4845-8302-56EBB3D9F769}.Release|Any CPU.ActiveCfg = Release|Any CPU
		{81B6DADD-334A-4845-8302-56EBB3D9F769}.Release|Any CPU.Build.0 = Release|Any CPU
		{22F7AFE3-9CE4-4210-84A0-05EF7B0F73FB}.Debug|Any CPU.ActiveCfg = Debug|Any CPU
		{22F7AFE3-9CE4-4210-84A0-05EF7B0F73FB}.Debug|Any CPU.Build.0 = Debug|Any CPU
		{22F7AFE3-9CE4-4210-84A0-05EF7B0F73FB}.Release|Any CPU.ActiveCfg = Release|Any CPU
		{22F7AFE3-9CE4-4210-84A0-05EF7B0F73FB}.Release|Any CPU.Build.0 = Release|Any CPU
		{916FC0AD-9549-4FAB-A951-90E941B1B885}.Debug|Any CPU.ActiveCfg = Debug|Any CPU
		{916FC0AD-9549-4FAB-A951-90E941B1B885}.Debug|Any CPU.Build.0 = Debug|Any CPU
		{916FC0AD-9549-4FAB-A951-90E941B1B885}.Release|Any CPU.ActiveCfg = Release|Any CPU
		{916FC0AD-9549-4FAB-A951-90E941B1B885}.Release|Any CPU.Build.0 = Release|Any CPU
		{6CD659E9-02FA-4FE7-8724-EB08CD6AE4D0}.Debug|Any CPU.ActiveCfg = Debug|Any CPU
		{6CD659E9-02FA-4FE7-8724-EB08CD6AE4D0}.Debug|Any CPU.Build.0 = Debug|Any CPU
		{6CD659E9-02FA-4FE7-8724-EB08CD6AE4D0}.Release|Any CPU.ActiveCfg = Release|Any CPU
		{6CD659E9-02FA-4FE7-8724-EB08CD6AE4D0}.Release|Any CPU.Build.0 = Release|Any CPU
		{1AE2B6BC-96AB-4E66-B083-8C109063128F}.Debug|Any CPU.ActiveCfg = Debug|Any CPU
		{1AE2B6BC-96AB-4E66-B083-8C109063128F}.Debug|Any CPU.Build.0 = Debug|Any CPU
		{1AE2B6BC-96AB-4E66-B083-8C109063128F}.Release|Any CPU.ActiveCfg = Release|Any CPU
		{1AE2B6BC-96AB-4E66-B083-8C109063128F}.Release|Any CPU.Build.0 = Release|Any CPU
		{210F4AB7-CCA8-43C8-B42C-9815500DD967}.Debug|Any CPU.ActiveCfg = Debug|Any CPU
		{210F4AB7-CCA8-43C8-B42C-9815500DD967}.Debug|Any CPU.Build.0 = Debug|Any CPU
		{210F4AB7-CCA8-43C8-B42C-9815500DD967}.Release|Any CPU.ActiveCfg = Release|Any CPU
		{210F4AB7-CCA8-43C8-B42C-9815500DD967}.Release|Any CPU.Build.0 = Release|Any CPU
		{D7D2DCE9-CD34-4E37-BF00-9847F3B06BB2}.Debug|Any CPU.ActiveCfg = Debug|Any CPU
		{D7D2DCE9-CD34-4E37-BF00-9847F3B06BB2}.Debug|Any CPU.Build.0 = Debug|Any CPU
		{D7D2DCE9-CD34-4E37-BF00-9847F3B06BB2}.Release|Any CPU.ActiveCfg = Release|Any CPU
		{D7D2DCE9-CD34-4E37-BF00-9847F3B06BB2}.Release|Any CPU.Build.0 = Release|Any CPU
		{B50EB001-29DA-45B9-8DF0-7AC091AEEB7E}.Debug|Any CPU.ActiveCfg = Debug|Any CPU
		{B50EB001-29DA-45B9-8DF0-7AC091AEEB7E}.Debug|Any CPU.Build.0 = Debug|Any CPU
		{B50EB001-29DA-45B9-8DF0-7AC091AEEB7E}.Release|Any CPU.ActiveCfg = Release|Any CPU
		{B50EB001-29DA-45B9-8DF0-7AC091AEEB7E}.Release|Any CPU.Build.0 = Release|Any CPU
	EndGlobalSection
	GlobalSection(SolutionProperties) = preSolution
		HideSolutionNode = FALSE
	EndGlobalSection
	GlobalSection(ExtensibilityGlobals) = postSolution
		EnterpriseLibraryConfigurationToolBinariesPathV6 = packages\EnterpriseLibrary.TransientFaultHandling.6.0.1304.0\lib\portable-net45+win+wp8;packages\EnterpriseLibrary.TransientFaultHandling.Data.6.0.1304.1\lib\NET45
	EndGlobalSection
EndGlobal
